// !$*UTF8*$!
{
	archiveVersion = 1;
	classes = {
	};
	objectVersion = 55;
	objects = {

/* Begin PBXBuildFile section */
		693BDF88284D492000F00B07 /* SideMenuApp.swift in Sources */ = {isa = PBXBuildFile; fileRef = 693BDF87284D492000F00B07 /* SideMenuApp.swift */; };
		693BDF8A284D492000F00B07 /* ContentView.swift in Sources */ = {isa = PBXBuildFile; fileRef = 693BDF89284D492000F00B07 /* ContentView.swift */; };
		693BDF8C284D492200F00B07 /* Assets.xcassets in Resources */ = {isa = PBXBuildFile; fileRef = 693BDF8B284D492200F00B07 /* Assets.xcassets */; };
		693BDF8F284D492200F00B07 /* Preview Assets.xcassets in Resources */ = {isa = PBXBuildFile; fileRef = 693BDF8E284D492200F00B07 /* Preview Assets.xcassets */; };
		6944D0A5284E9990005F6E6C /* SideMenuView.swift in Sources */ = {isa = PBXBuildFile; fileRef = 6944D0A4284E9990005F6E6C /* SideMenuView.swift */; };
/* End PBXBuildFile section */

/* Begin PBXContainerItemProxy section */
		693BDF95284D492200F00B07 /* PBXContainerItemProxy */ = {
			isa = PBXContainerItemProxy;
			containerPortal = 693BDF7C284D492000F00B07 /* Project object */;
			proxyType = 1;
			remoteGlobalIDString = 693BDF83284D492000F00B07;
			remoteInfo = SideMenu;
		};
		693BDF9F284D492200F00B07 /* PBXContainerItemProxy */ = {
			isa = PBXContainerItemProxy;
			containerPortal = 693BDF7C284D492000F00B07 /* Project object */;
			proxyType = 1;
			remoteGlobalIDString = 693BDF83284D492000F00B07;
			remoteInfo = SideMenu;
		};
/* End PBXContainerItemProxy section */

/* Begin PBXFileReference section */
		693BDF84284D492000F00B07 /* SideMenu.app */ = {isa = PBXFileReference; explicitFileType = wrapper.application; includeInIndex = 0; path = SideMenu.app; sourceTree = BUILT_PRODUCTS_DIR; };
		693BDF87284D492000F00B07 /* SideMenuApp.swift */ = {isa = PBXFileReference; lastKnownFileType = sourcecode.swift; path = SideMenuApp.swift; sourceTree = "<group>"; };
		693BDF89284D492000F00B07 /* ContentView.swift */ = {isa = PBXFileReference; lastKnownFileType = sourcecode.swift; path = ContentView.swift; sourceTree = "<group>"; };
		693BDF8B284D492200F00B07 /* Assets.xcassets */ = {isa = PBXFileReference; lastKnownFileType = folder.assetcatalog; path = Assets.xcassets; sourceTree = "<group>"; };
		693BDF8E284D492200F00B07 /* Preview Assets.xcassets */ = {isa = PBXFileReference; lastKnownFileType = folder.assetcatalog; path = "Preview Assets.xcassets"; sourceTree = "<group>"; };
		693BDF94284D492200F00B07 /* SideMenuTests.xctest */ = {isa = PBXFileReference; explicitFileType = wrapper.cfbundle; includeInIndex = 0; path = SideMenuTests.xctest; sourceTree = BUILT_PRODUCTS_DIR; };
		693BDF9E284D492200F00B07 /* SideMenuUITests.xctest */ = {isa = PBXFileReference; explicitFileType = wrapper.cfbundle; includeInIndex = 0; path = SideMenuUITests.xctest; sourceTree = BUILT_PRODUCTS_DIR; };
		6944D0A4284E9990005F6E6C /* SideMenuView.swift */ = {isa = PBXFileReference; lastKnownFileType = sourcecode.swift; path = SideMenuView.swift; sourceTree = "<group>"; };
/* End PBXFileReference section */

/* Begin PBXFrameworksBuildPhase section */
		693BDF81284D492000F00B07 /* Frameworks */ = {
			isa = PBXFrameworksBuildPhase;
			buildActionMask = 2147483647;
			files = (
			);
			runOnlyForDeploymentPostprocessing = 0;
		};
		693BDF91284D492200F00B07 /* Frameworks */ = {
			isa = PBXFrameworksBuildPhase;
			buildActionMask = 2147483647;
			files = (
			);
			runOnlyForDeploymentPostprocessing = 0;
		};
		693BDF9B284D492200F00B07 /* Frameworks */ = {
			isa = PBXFrameworksBuildPhase;
			buildActionMask = 2147483647;
			files = (
			);
			runOnlyForDeploymentPostprocessing = 0;
		};
/* End PBXFrameworksBuildPhase section */

/* Begin PBXGroup section */
		693BDF7B284D492000F00B07 = {
			isa = PBXGroup;
			children = (
				693BDF86284D492000F00B07 /* SideMenu */,
				693BDF85284D492000F00B07 /* Products */,
			);
			sourceTree = "<group>";
		};
		693BDF85284D492000F00B07 /* Products */ = {
			isa = PBXGroup;
			children = (
				693BDF84284D492000F00B07 /* SideMenu.app */,
				693BDF94284D492200F00B07 /* SideMenuTests.xctest */,
				693BDF9E284D492200F00B07 /* SideMenuUITests.xctest */,
			);
			name = Products;
			sourceTree = "<group>";
		};
		693BDF86284D492000F00B07 /* SideMenu */ = {
			isa = PBXGroup;
			children = (
				693BDF87284D492000F00B07 /* SideMenuApp.swift */,
				693BDF89284D492000F00B07 /* ContentView.swift */,
				6944D0A4284E9990005F6E6C /* SideMenuView.swift */,
				693BDF8B284D492200F00B07 /* Assets.xcassets */,
				693BDF8D284D492200F00B07 /* Preview Content */,
			);
			path = SideMenu;
			sourceTree = "<group>";
		};
		693BDF8D284D492200F00B07 /* Preview Content */ = {
			isa = PBXGroup;
			children = (
				693BDF8E284D492200F00B07 /* Preview Assets.xcassets */,
			);
			path = "Preview Content";
			sourceTree = "<group>";
		};
/* End PBXGroup section */

/* Begin PBXNativeTarget section */
		693BDF83284D492000F00B07 /* SideMenu */ = {
			isa = PBXNativeTarget;
			buildConfigurationList = 693BDFA8284D492200F00B07 /* Build configuration list for PBXNativeTarget "SideMenu" */;
			buildPhases = (
				693BDF80284D492000F00B07 /* Sources */,
				693BDF81284D492000F00B07 /* Frameworks */,
				693BDF82284D492000F00B07 /* Resources */,
			);
			buildRules = (
			);
			dependencies = (
			);
			name = SideMenu;
			productName = SideMenu;
			productReference = 693BDF84284D492000F00B07 /* SideMenu.app */;
			productType = "com.apple.product-type.application";
		};
		693BDF93284D492200F00B07 /* SideMenuTests */ = {
			isa = PBXNativeTarget;
			buildConfigurationList = 693BDFAB284D492200F00B07 /* Build configuration list for PBXNativeTarget "SideMenuTests" */;
			buildPhases = (
				693BDF90284D492200F00B07 /* Sources */,
				693BDF91284D492200F00B07 /* Frameworks */,
				693BDF92284D492200F00B07 /* Resources */,
			);
			buildRules = (
			);
			dependencies = (
				693BDF96284D492200F00B07 /* PBXTargetDependency */,
			);
			name = SideMenuTests;
			productName = SideMenuTests;
			productReference = 693BDF94284D492200F00B07 /* SideMenuTests.xctest */;
			productType = "com.apple.product-type.bundle.unit-test";
		};
		693BDF9D284D492200F00B07 /* SideMenuUITests */ = {
			isa = PBXNativeTarget;
			buildConfigurationList = 693BDFAE284D492200F00B07 /* Build configuration list for PBXNativeTarget "SideMenuUITests" */;
			buildPhases = (
				693BDF9A284D492200F00B07 /* Sources */,
				693BDF9B284D492200F00B07 /* Frameworks */,
				693BDF9C284D492200F00B07 /* Resources */,
			);
			buildRules = (
			);
			dependencies = (
				693BDFA0284D492200F00B07 /* PBXTargetDependency */,
			);
			name = SideMenuUITests;
			productName = SideMenuUITests;
			productReference = 693BDF9E284D492200F00B07 /* SideMenuUITests.xctest */;
			productType = "com.apple.product-type.bundle.ui-testing";
		};
/* End PBXNativeTarget section */

/* Begin PBXProject section */
		693BDF7C284D492000F00B07 /* Project object */ = {
			isa = PBXProject;
			attributes = {
				BuildIndependentTargetsInParallel = 1;
				LastSwiftUpdateCheck = 1340;
				LastUpgradeCheck = 1340;
				TargetAttributes = {
					693BDF83284D492000F00B07 = {
						CreatedOnToolsVersion = 13.4.1;
					};
					693BDF93284D492200F00B07 = {
						CreatedOnToolsVersion = 13.4.1;
						TestTargetID = 693BDF83284D492000F00B07;
					};
					693BDF9D284D492200F00B07 = {
						CreatedOnToolsVersion = 13.4.1;
						TestTargetID = 693BDF83284D492000F00B07;
					};
				};
			};
			buildConfigurationList = 693BDF7F284D492000F00B07 /* Build configuration list for PBXProject "SideMenu" */;
			compatibilityVersion = "Xcode 13.0";
			developmentRegion = en;
			hasScannedForEncodings = 0;
			knownRegions = (
				en,
				Base,
			);
			mainGroup = 693BDF7B284D492000F00B07;
			productRefGroup = 693BDF85284D492000F00B07 /* Products */;
			projectDirPath = "";
			projectRoot = "";
			targets = (
				693BDF83284D492000F00B07 /* SideMenu */,
				693BDF93284D492200F00B07 /* SideMenuTests */,
				693BDF9D284D492200F00B07 /* SideMenuUITests */,
			);
		};
/* End PBXProject section */

/* Begin PBXResourcesBuildPhase section */
		693BDF82284D492000F00B07 /* Resources */ = {
			isa = PBXResourcesBuildPhase;
			buildActionMask = 2147483647;
			files = (
				693BDF8F284D492200F00B07 /* Preview Assets.xcassets in Resources */,
				693BDF8C284D492200F00B07 /* Assets.xcassets in Resources */,
			);
			runOnlyForDeploymentPostprocessing = 0;
		};
		693BDF92284D492200F00B07 /* Resources */ = {
			isa = PBXResourcesBuildPhase;
			buildActionMask = 2147483647;
			files = (
			);
			runOnlyForDeploymentPostprocessing = 0;
		};
		693BDF9C284D492200F00B07 /* Resources */ = {
			isa = PBXResourcesBuildPhase;
			buildActionMask = 2147483647;
			files = (
			);
			runOnlyForDeploymentPostprocessing = 0;
		};
/* End PBXResourcesBuildPhase section */

/* Begin PBXSourcesBuildPhase section */
		693BDF80284D492000F00B07 /* Sources */ = {
			isa = PBXSourcesBuildPhase;
			buildActionMask = 2147483647;
			files = (
				6944D0A5284E9990005F6E6C /* SideMenuView.swift in Sources */,
				693BDF8A284D492000F00B07 /* ContentView.swift in Sources */,
				693BDF88284D492000F00B07 /* SideMenuApp.swift in Sources */,
			);
			runOnlyForDeploymentPostprocessing = 0;
		};
		693BDF90284D492200F00B07 /* Sources */ = {
			isa = PBXSourcesBuildPhase;
			buildActionMask = 2147483647;
			files = (
			);
			runOnlyForDeploymentPostprocessing = 0;
		};
		693BDF9A284D492200F00B07 /* Sources */ = {
			isa = PBXSourcesBuildPhase;
			buildActionMask = 2147483647;
			files = (
			);
			runOnlyForDeploymentPostprocessing = 0;
		};
/* End PBXSourcesBuildPhase section */

/* Begin PBXTargetDependency section */
		693BDF96284D492200F00B07 /* PBXTargetDependency */ = {
			isa = PBXTargetDependency;
			target = 693BDF83284D492000F00B07 /* SideMenu */;
			targetProxy = 693BDF95284D492200F00B07 /* PBXContainerItemProxy */;
		};
		693BDFA0284D492200F00B07 /* PBXTargetDependency */ = {
			isa = PBXTargetDependency;
			target = 693BDF83284D492000F00B07 /* SideMenu */;
			targetProxy = 693BDF9F284D492200F00B07 /* PBXContainerItemProxy */;
		};
/* End PBXTargetDependency section */

/* Begin XCBuildConfiguration section */
		693BDFA6284D492200F00B07 /* Debug */ = {
			isa = XCBuildConfiguration;
			buildSettings = {
				ALWAYS_SEARCH_USER_PATHS = NO;
				CLANG_ANALYZER_NONNULL = YES;
				CLANG_ANALYZER_NUMBER_OBJECT_CONVERSION = YES_AGGRESSIVE;
				CLANG_CXX_LANGUAGE_STANDARD = "gnu++17";
				CLANG_ENABLE_MODULES = YES;
				CLANG_ENABLE_OBJC_ARC = YES;
				CLANG_ENABLE_OBJC_WEAK = YES;
				CLANG_WARN_BLOCK_CAPTURE_AUTORELEASING = YES;
				CLANG_WARN_BOOL_CONVERSION = YES;
				CLANG_WARN_COMMA = YES;
				CLANG_WARN_CONSTANT_CONVERSION = YES;
				CLANG_WARN_DEPRECATED_OBJC_IMPLEMENTATIONS = YES;
				CLANG_WARN_DIRECT_OBJC_ISA_USAGE = YES_ERROR;
				CLANG_WARN_DOCUMENTATION_COMMENTS = YES;
				CLANG_WARN_EMPTY_BODY = YES;
				CLANG_WARN_ENUM_CONVERSION = YES;
				CLANG_WARN_INFINITE_RECURSION = YES;
				CLANG_WARN_INT_CONVERSION = YES;
				CLANG_WARN_NON_LITERAL_NULL_CONVERSION = YES;
				CLANG_WARN_OBJC_IMPLICIT_RETAIN_SELF = YES;
				CLANG_WARN_OBJC_LITERAL_CONVERSION = YES;
				CLANG_WARN_OBJC_ROOT_CLASS = YES_ERROR;
				CLANG_WARN_QUOTED_INCLUDE_IN_FRAMEWORK_HEADER = YES;
				CLANG_WARN_RANGE_LOOP_ANALYSIS = YES;
				CLANG_WARN_STRICT_PROTOTYPES = YES;
				CLANG_WARN_SUSPICIOUS_MOVE = YES;
				CLANG_WARN_UNGUARDED_AVAILABILITY = YES_AGGRESSIVE;
				CLANG_WARN_UNREACHABLE_CODE = YES;
				CLANG_WARN__DUPLICATE_METHOD_MATCH = YES;
				COPY_PHASE_STRIP = NO;
				DEBUG_INFORMATION_FORMAT = dwarf;
				ENABLE_STRICT_OBJC_MSGSEND = YES;
				ENABLE_TESTABILITY = YES;
				GCC_C_LANGUAGE_STANDARD = gnu11;
				GCC_DYNAMIC_NO_PIC = NO;
				GCC_NO_COMMON_BLOCKS = YES;
				GCC_OPTIMIZATION_LEVEL = 0;
				GCC_PREPROCESSOR_DEFINITIONS = (
					"DEBUG=1",
					"$(inherited)",
				);
				GCC_WARN_64_TO_32_BIT_CONVERSION = YES;
				GCC_WARN_ABOUT_RETURN_TYPE = YES_ERROR;
				GCC_WARN_UNDECLARED_SELECTOR = YES;
				GCC_WARN_UNINITIALIZED_AUTOS = YES_AGGRESSIVE;
				GCC_WARN_UNUSED_FUNCTION = YES;
				GCC_WARN_UNUSED_VARIABLE = YES;
				IPHONEOS_DEPLOYMENT_TARGET = 15.5;
				MTL_ENABLE_DEBUG_INFO = INCLUDE_SOURCE;
				MTL_FAST_MATH = YES;
				ONLY_ACTIVE_ARCH = YES;
				SDKROOT = iphoneos;
				SWIFT_ACTIVE_COMPILATION_CONDITIONS = DEBUG;
				SWIFT_OPTIMIZATION_LEVEL = "-Onone";
			};
			name = Debug;
		};
		693BDFA7284D492200F00B07 /* Release */ = {
			isa = XCBuildConfiguration;
			buildSettings = {
				ALWAYS_SEARCH_USER_PATHS = NO;
				CLANG_ANALYZER_NONNULL = YES;
				CLANG_ANALYZER_NUMBER_OBJECT_CONVERSION = YES_AGGRESSIVE;
				CLANG_CXX_LANGUAGE_STANDARD = "gnu++17";
				CLANG_ENABLE_MODULES = YES;
				CLANG_ENABLE_OBJC_ARC = YES;
				CLANG_ENABLE_OBJC_WEAK = YES;
				CLANG_WARN_BLOCK_CAPTURE_AUTORELEASING = YES;
				CLANG_WARN_BOOL_CONVERSION = YES;
				CLANG_WARN_COMMA = YES;
				CLANG_WARN_CONSTANT_CONVERSION = YES;
				CLANG_WARN_DEPRECATED_OBJC_IMPLEMENTATIONS = YES;
				CLANG_WARN_DIRECT_OBJC_ISA_USAGE = YES_ERROR;
				CLANG_WARN_DOCUMENTATION_COMMENTS = YES;
				CLANG_WARN_EMPTY_BODY = YES;
				CLANG_WARN_ENUM_CONVERSION = YES;
				CLANG_WARN_INFINITE_RECURSION = YES;
				CLANG_WARN_INT_CONVERSION = YES;
				CLANG_WARN_NON_LITERAL_NULL_CONVERSION = YES;
				CLANG_WARN_OBJC_IMPLICIT_RETAIN_SELF = YES;
				CLANG_WARN_OBJC_LITERAL_CONVERSION = YES;
				CLANG_WARN_OBJC_ROOT_CLASS = YES_ERROR;
				CLANG_WARN_QUOTED_INCLUDE_IN_FRAMEWORK_HEADER = YES;
				CLANG_WARN_RANGE_LOOP_ANALYSIS = YES;
				CLANG_WARN_STRICT_PROTOTYPES = YES;
				CLANG_WARN_SUSPICIOUS_MOVE = YES;
				CLANG_WARN_UNGUARDED_AVAILABILITY = YES_AGGRESSIVE;
				CLANG_WARN_UNREACHABLE_CODE = YES;
				CLANG_WARN__DUPLICATE_METHOD_MATCH = YES;
				COPY_PHASE_STRIP = NO;
				DEBUG_INFORMATION_FORMAT = "dwarf-with-dsym";
				ENABLE_NS_ASSERTIONS = NO;
				ENABLE_STRICT_OBJC_MSGSEND = YES;
				GCC_C_LANGUAGE_STANDARD = gnu11;
				GCC_NO_COMMON_BLOCKS = YES;
				GCC_WARN_64_TO_32_BIT_CONVERSION = YES;
				GCC_WARN_ABOUT_RETURN_TYPE = YES_ERROR;
				GCC_WARN_UNDECLARED_SELECTOR = YES;
				GCC_WARN_UNINITIALIZED_AUTOS = YES_AGGRESSIVE;
				GCC_WARN_UNUSED_FUNCTION = YES;
				GCC_WARN_UNUSED_VARIABLE = YES;
				IPHONEOS_DEPLOYMENT_TARGET = 15.5;
				MTL_ENABLE_DEBUG_INFO = NO;
				MTL_FAST_MATH = YES;
				SDKROOT = iphoneos;
				SWIFT_COMPILATION_MODE = wholemodule;
				SWIFT_OPTIMIZATION_LEVEL = "-O";
				VALIDATE_PRODUCT = YES;
			};
			name = Release;
		};
		693BDFA9284D492200F00B07 /* Debug */ = {
			isa = XCBuildConfiguration;
			buildSettings = {
				ASSETCATALOG_COMPILER_APPICON_NAME = AppIcon;
				ASSETCATALOG_COMPILER_GLOBAL_ACCENT_COLOR_NAME = AccentColor;
				CODE_SIGN_STYLE = Automatic;
				CURRENT_PROJECT_VERSION = 1;
				DEVELOPMENT_ASSET_PATHS = "\"SideMenu/Preview Content\"";
				DEVELOPMENT_TEAM = 3Y4GK7Y66H;
				ENABLE_PREVIEWS = YES;
				GENERATE_INFOPLIST_FILE = YES;
				INFOPLIST_KEY_UIApplicationSceneManifest_Generation = YES;
				INFOPLIST_KEY_UIApplicationSupportsIndirectInputEvents = YES;
				INFOPLIST_KEY_UILaunchScreen_Generation = YES;
				INFOPLIST_KEY_UISupportedInterfaceOrientations_iPad = "UIInterfaceOrientationPortrait UIInterfaceOrientationPortraitUpsideDown UIInterfaceOrientationLandscapeLeft UIInterfaceOrientationLandscapeRight";
				INFOPLIST_KEY_UISupportedInterfaceOrientations_iPhone = "UIInterfaceOrientationPortrait UIInterfaceOrientationLandscapeLeft UIInterfaceOrientationLandscapeRight";
				LD_RUNPATH_SEARCH_PATHS = (
					"$(inherited)",
					"@executable_path/Frameworks",
				);
				MARKETING_VERSION = 1.0;
				PRODUCT_BUNDLE_IDENTIFIER = com.masatakasumida.SideMenu;
				PRODUCT_NAME = "$(TARGET_NAME)";
				SWIFT_EMIT_LOC_STRINGS = YES;
				SWIFT_VERSION = 5.0;
				TARGETED_DEVICE_FAMILY = "1,2";
			};
			name = Debug;
		};
		693BDFAA284D492200F00B07 /* Release */ = {
			isa = XCBuildConfiguration;
			buildSettings = {
				ASSETCATALOG_COMPILER_APPICON_NAME = AppIcon;
				ASSETCATALOG_COMPILER_GLOBAL_ACCENT_COLOR_NAME = AccentColor;
				CODE_SIGN_STYLE = Automatic;
				CURRENT_PROJECT_VERSION = 1;
				DEVELOPMENT_ASSET_PATHS = "\"SideMenu/Preview Content\"";
				DEVELOPMENT_TEAM = 3Y4GK7Y66H;
				ENABLE_PREVIEWS = YES;
				GENERATE_INFOPLIST_FILE = YES;
				INFOPLIST_KEY_UIApplicationSceneManifest_Generation = YES;
				INFOPLIST_KEY_UIApplicationSupportsIndirectInputEvents = YES;
				INFOPLIST_KEY_UILaunchScreen_Generation = YES;
				INFOPLIST_KEY_UISupportedInterfaceOrientations_iPad = "UIInterfaceOrientationPortrait UIInterfaceOrientationPortraitUpsideDown UIInterfaceOrientationLandscapeLeft UIInterfaceOrientationLandscapeRight";
				INFOPLIST_KEY_UISupportedInterfaceOrientations_iPhone = "UIInterfaceOrientationPortrait UIInterfaceOrientationLandscapeLeft UIInterfaceOrientationLandscapeRight";
				LD_RUNPATH_SEARCH_PATHS = (
					"$(inherited)",
					"@executable_path/Frameworks",
				);
				MARKETING_VERSION = 1.0;
				PRODUCT_BUNDLE_IDENTIFIER = com.masatakasumida.SideMenu;
				PRODUCT_NAME = "$(TARGET_NAME)";
				SWIFT_EMIT_LOC_STRINGS = YES;
				SWIFT_VERSION = 5.0;
				TARGETED_DEVICE_FAMILY = "1,2";
			};
			name = Release;
		};
		693BDFAC284D492200F00B07 /* Debug */ = {
			isa = XCBuildConfiguration;
			buildSettings = {
				ALWAYS_EMBED_SWIFT_STANDARD_LIBRARIES = YES;
				BUNDLE_LOADER = "$(TEST_HOST)";
				CODE_SIGN_STYLE = Automatic;
				CURRENT_PROJECT_VERSION = 1;
				DEVELOPMENT_TEAM = 3Y4GK7Y66H;
				GENERATE_INFOPLIST_FILE = YES;
				IPHONEOS_DEPLOYMENT_TARGET = 15.5;
				MARKETING_VERSION = 1.0;
				PRODUCT_BUNDLE_IDENTIFIER = com.masatakasumida.SideMenuTests;
				PRODUCT_NAME = "$(TARGET_NAME)";
				SWIFT_EMIT_LOC_STRINGS = NO;
				SWIFT_VERSION = 5.0;
				TARGETED_DEVICE_FAMILY = "1,2";
				TEST_HOST = "$(BUILT_PRODUCTS_DIR)/SideMenu.app/SideMenu";
			};
			name = Debug;
		};
		693BDFAD284D492200F00B07 /* Release */ = {
			isa = XCBuildConfiguration;
			buildSettings = {
				ALWAYS_EMBED_SWIFT_STANDARD_LIBRARIES = YES;
				BUNDLE_LOADER = "$(TEST_HOST)";
				CODE_SIGN_STYLE = Automatic;
				CURRENT_PROJECT_VERSION = 1;
				DEVELOPMENT_TEAM = 3Y4GK7Y66H;
				GENERATE_INFOPLIST_FILE = YES;
				IPHONEOS_DEPLOYMENT_TARGET = 15.5;
				MARKETING_VERSION = 1.0;
				PRODUCT_BUNDLE_IDENTIFIER = com.masatakasumida.SideMenuTests;
				PRODUCT_NAME = "$(TARGET_NAME)";
				SWIFT_EMIT_LOC_STRINGS = NO;
				SWIFT_VERSION = 5.0;
				TARGETED_DEVICE_FAMILY = "1,2";
				TEST_HOST = "$(BUILT_PRODUCTS_DIR)/SideMenu.app/SideMenu";
			};
			name = Release;
		};
		693BDFAF284D492200F00B07 /* Debug */ = {
			isa = XCBuildConfiguration;
			buildSettings = {
				ALWAYS_EMBED_SWIFT_STANDARD_LIBRARIES = YES;
				CODE_SIGN_STYLE = Automatic;
				CURRENT_PROJECT_VERSION = 1;
				DEVELOPMENT_TEAM = 3Y4GK7Y66H;
				GENERATE_INFOPLIST_FILE = YES;
				MARKETING_VERSION = 1.0;
				PRODUCT_BUNDLE_IDENTIFIER = com.masatakasumida.SideMenuUITests;
				PRODUCT_NAME = "$(TARGET_NAME)";
				SWIFT_EMIT_LOC_STRINGS = NO;
				SWIFT_VERSION = 5.0;
				TARGETED_DEVICE_FAMILY = "1,2";
				TEST_TARGET_NAME = SideMenu;
			};
			name = Debug;
		};
		693BDFB0284D492200F00B07 /* Release */ = {
			isa = XCBuildConfiguration;
			buildSettings = {
				ALWAYS_EMBED_SWIFT_STANDARD_LIBRARIES = YES;
				CODE_SIGN_STYLE = Automatic;
				CURRENT_PROJECT_VERSION = 1;
				DEVELOPMENT_TEAM = 3Y4GK7Y66H;
				GENERATE_INFOPLIST_FILE = YES;
				MARKETING_VERSION = 1.0;
				PRODUCT_BUNDLE_IDENTIFIER = com.masatakasumida.SideMenuUITests;
				PRODUCT_NAME = "$(TARGET_NAME)";
				SWIFT_EMIT_LOC_STRINGS = NO;
				SWIFT_VERSION = 5.0;
				TARGETED_DEVICE_FAMILY = "1,2";
				TEST_TARGET_NAME = SideMenu;
			};
			name = Release;
		};
/* End XCBuildConfiguration section */

/* Begin XCConfigurationList section */
		693BDF7F284D492000F00B07 /* Build configuration list for PBXProject "SideMenu" */ = {
			isa = XCConfigurationList;
			buildConfigurations = (
				693BDFA6284D492200F00B07 /* Debug */,
				693BDFA7284D492200F00B07 /* Release */,
			);
			defaultConfigurationIsVisible = 0;
			defaultConfigurationName = Release;
		};
		693BDFA8284D492200F00B07 /* Build configuration list for PBXNativeTarget "SideMenu" */ = {
			isa = XCConfigurationList;
			buildConfigurations = (
				693BDFA9284D492200F00B07 /* Debug */,
				693BDFAA284D492200F00B07 /* Release */,
			);
			defaultConfigurationIsVisible = 0;
			defaultConfigurationName = Release;
		};
		693BDFAB284D492200F00B07 /* Build configuration list for PBXNativeTarget "SideMenuTests" */ = {
			isa = XCConfigurationList;
			buildConfigurations = (
				693BDFAC284D492200F00B07 /* Debug */,
				693BDFAD284D492200F00B07 /* Release */,
			);
			defaultConfigurationIsVisible = 0;
			defaultConfigurationName = Release;
		};
		693BDFAE284D492200F00B07 /* Build configuration list for PBXNativeTarget "SideMenuUITests" */ = {
			isa = XCConfigurationList;
			buildConfigurations = (
				693BDFAF284D492200F00B07 /* Debug */,
				693BDFB0284D492200F00B07 /* Release */,
			);
			defaultConfigurationIsVisible = 0;
			defaultConfigurationName = Release;
		};
/* End XCConfigurationList section */
	};
	rootObject = 693BDF7C284D492000F00B07 /* Project object */;
}
